
Microsoft Visual Studio Solution File, Format Version 12.00
# Visual Studio Version 16
VisualStudioVersion = 16.0.29324.140
MinimumVisualStudioVersion = 10.0.40219.1
Project("{8BC9CEB8-8B4A-11D0-8D11-00A0C91BC942}") = "Project1", "Project1\Project1.vcxproj", "{97A844E4-8A59-452F-8E1E-0A7FAF36FE87}"
EndProject
Global
	GlobalSection(SolutionConfigurationPlatforms) = preSolution
		Debug|x64 = Debug|x64
		Debug|x86 = Debug|x86
		Release|x64 = Release|x64
		Release|x86 = Release|x86
	EndGlobalSection
	GlobalSection(ProjectConfigurationPlatforms) = postSolution
		{97A844E4-8A59-452F-8E1E-0A7FAF36FE87}.Debug|x64.ActiveCfg = Debug|x64
		{97A844E4-8A59-452F-8E1E-0A7FAF36FE87}.Debug|x64.Build.0 = Debug|x64
		{97A844E4-8A59-452F-8E1E-0A7FAF36FE87}.Debug|x86.ActiveCfg = Debug|Win32
		{97A844E4-8A59-452F-8E1E-0A7FAF36FE87}.Debug|x86.Build.0 = Debug|Win32
		{97A844E4-8A59-452F-8E1E-0A7FAF36FE87}.Release|x64.ActiveCfg = Release|x64
		{97A844E4-8A59-452F-8E1E-0A7FAF36FE87}.Release|x64.Build.0 = Release|x64
		{97A844E4-8A59-452F-8E1E-0A7FAF36FE87}.Release|x86.ActiveCfg = Release|Win32
		{97A844E4-8A59-452F-8E1E-0A7FAF36FE87}.Release|x86.Build.0 = Release|Win32
	EndGlobalSection
	GlobalSection(SolutionProperties) = preSolution
		HideSolutionNode = FALSE
	EndGlobalSection
	GlobalSection(ExtensibilityGlobals) = postSolution
		SolutionGuid = {D237E05C-8A69-4292-8471-007502249295}
	EndGlobalSection
EndGlobal
